
Microsoft Visual Studio Solution File, Format Version 12.00
# Visual Studio Version 17
VisualStudioVersion = 17.14.36603.0 d17.14
MinimumVisualStudioVersion = 10.0.40219.1
Project("{FAE04EC0-301F-11D3-BF4B-00C04F79EFBC}") = "TaskManagement.Model", "TaskManagement.Model\TaskManagement.Model.csproj", "{89120203-38E5-4B25-86C1-1E7A44A99396}"
EndProject
Global
	GlobalSection(SolutionConfigurationPlatforms) = preSolution
		Debug|Any CPU = Debug|Any CPU
		Release|Any CPU = Release|Any CPU
	EndGlobalSection
	GlobalSection(ProjectConfigurationPlatforms) = postSolution
		{89120203-38E5-4B25-86C1-1E7A44A99396}.Debug|Any CPU.ActiveCfg = Debug|Any CPU
		{89120203-38E5-4B25-86C1-1E7A44A99396}.Debug|Any CPU.Build.0 = Debug|Any CPU
		{89120203-38E5-4B25-86C1-1E7A44A99396}.Release|Any CPU.ActiveCfg = Release|Any CPU
		{89120203-38E5-4B25-86C1-1E7A44A99396}.Release|Any CPU.Build.0 = Release|Any CPU
	EndGlobalSection
	GlobalSection(SolutionProperties) = preSolution
		HideSolutionNode = FALSE
	EndGlobalSection
	GlobalSection(ExtensibilityGlobals) = postSolution
		SolutionGuid = {6398DC39-C11B-4968-AAC9-76168A42B674}
	EndGlobalSection
EndGlobal
